
Microsoft Visual Studio Solution File, Format Version 12.00
# Visual Studio Version 16
VisualStudioVersion = 16.0.30114.105
MinimumVisualStudioVersion = 10.0.40219.1
Project("{E381B356-A284-474A-BAB7-078CA14C1C45}") = "TheMysteriousTower", "TheMysteriousTower.csproj", "{4415ED5D-2231-4999-B5E3-5BC916AAF635}"
EndProject
Global
	GlobalSection(SolutionConfigurationPlatforms) = preSolution
		Debug|Any CPU = Debug|Any CPU
		Release|Any CPU = Release|Any CPU
	EndGlobalSection
	GlobalSection(SolutionProperties) = preSolution
		HideSolutionNode = FALSE
	EndGlobalSection
	GlobalSection(ProjectConfigurationPlatforms) = postSolution
		{4415ED5D-2231-4999-B5E3-5BC916AAF635}.Debug|Any CPU.ActiveCfg = Debug|Any CPU
		{4415ED5D-2231-4999-B5E3-5BC916AAF635}.Debug|Any CPU.Build.0 = Debug|Any CPU
		{4415ED5D-2231-4999-B5E3-5BC916AAF635}.Release|Any CPU.ActiveCfg = Release|Any CPU
		{4415ED5D-2231-4999-B5E3-5BC916AAF635}.Release|Any CPU.Build.0 = Release|Any CPU
	EndGlobalSection
EndGlobal
